
Microsoft Visual Studio Solution File, Format Version 11.00
# Visual Studio 2010
Project("{8BC9CEB8-8B4A-11D0-8D11-00A0C91BC942}") = "SerialLib", "SerialLib\SerialLib.vcxproj", "{DDAC2FF5-A6B3-4BC4-A45B-0026BF1E0181}"
	ProjectSection(ProjectDependencies) = postProject
		{E3D3555B-7670-48B4-8950-5AC7B9BFFB92} = {E3D3555B-7670-48B4-8950-5AC7B9BFFB92}
	EndProjectSection
EndProject
Project("{8BC9CEB8-8B4A-11D0-8D11-00A0C91BC942}") = "Serial", "Serial\Serial.vcxproj", "{E3D3555B-7670-48B4-8950-5AC7B9BFFB92}"
EndProject
Global
	GlobalSection(SolutionConfigurationPlatforms) = preSolution
		Debug|Win32 = Debug|Win32
		Release|Win32 = Release|Win32
	EndGlobalSection
	GlobalSection(ProjectConfigurationPlatforms) = postSolution
		{DDAC2FF5-A6B3-4BC4-A45B-0026BF1E0181}.Debug|Win32.ActiveCfg = Release|Win32
		{DDAC2FF5-A6B3-4BC4-A45B-0026BF1E0181}.Debug|Win32.Build.0 = Release|Win32
		{DDAC2FF5-A6B3-4BC4-A45B-0026BF1E0181}.Release|Win32.ActiveCfg = Release|Win32
		{DDAC2FF5-A6B3-4BC4-A45B-0026BF1E0181}.Release|Win32.Build.0 = Release|Win32
		{E3D3555B-7670-48B4-8950-5AC7B9BFFB92}.Debug|Win32.ActiveCfg = Release|Win32
		{E3D3555B-7670-48B4-8950-5AC7B9BFFB92}.Debug|Win32.Build.0 = Release|Win32
		{E3D3555B-7670-48B4-8950-5AC7B9BFFB92}.Release|Win32.ActiveCfg = Release|Win32
		{E3D3555B-7670-48B4-8950-5AC7B9BFFB92}.Release|Win32.Build.0 = Release|Win32
	EndGlobalSection
	GlobalSection(SolutionProperties) = preSolution
		HideSolutionNode = FALSE
	EndGlobalSection
EndGlobal
